
Microsoft Visual Studio Solution File, Format Version 12.00
# Visual Studio Version 17
VisualStudioVersion = 17.7.34031.279
MinimumVisualStudioVersion = 10.0.40219.1
Project("{2150E333-8FDC-42A3-9474-1A3956D46DE8}") = "Solution Items", "Solution Items", "{058749AF-A998-4297-BFE6-78C030A537E7}"
	ProjectSection(SolutionItems) = preProject
		.gitignore = .gitignore
		LICENSE = LICENSE
		nuget.config = nuget.config
		README.md = README.md
		Source-Visual-Studio-Monorepo.url = Source-Visual-Studio-Monorepo.url
	EndProjectSection
EndProject
Project("{E53339B2-1760-4266-BCC7-CA923CBCF16C}") = "docker-compose", "docker-compose.dcproj", "{806D3EDB-23DE-44C6-BDEC-A29902CF502A}"
EndProject
Global
	GlobalSection(SolutionConfigurationPlatforms) = preSolution
		Debug|Any CPU = Debug|Any CPU
		Release|Any CPU = Release|Any CPU
	EndGlobalSection
	GlobalSection(ProjectConfigurationPlatforms) = postSolution
		{806D3EDB-23DE-44C6-BDEC-A29902CF502A}.Debug|Any CPU.ActiveCfg = Debug|Any CPU
		{806D3EDB-23DE-44C6-BDEC-A29902CF502A}.Debug|Any CPU.Build.0 = Debug|Any CPU
		{806D3EDB-23DE-44C6-BDEC-A29902CF502A}.Release|Any CPU.ActiveCfg = Release|Any CPU
		{806D3EDB-23DE-44C6-BDEC-A29902CF502A}.Release|Any CPU.Build.0 = Release|Any CPU
	EndGlobalSection
	GlobalSection(SolutionProperties) = preSolution
		HideSolutionNode = FALSE
	EndGlobalSection
	GlobalSection(ExtensibilityGlobals) = postSolution
		SolutionGuid = {2F45694B-C352-4073-ACF9-F2264F45E7A9}
	EndGlobalSection
EndGlobal
