
Microsoft Visual Studio Solution File, Format Version 12.00
# Visual Studio Version 17
VisualStudioVersion = 17.7.34031.279
MinimumVisualStudioVersion = 10.0.40219.1
Project("{9A19103F-16F7-4668-BE54-9A1E7A4F7556}") = "ObjectModels", "ObjectModels\ObjectModels.csproj", "{F0B17ABD-BC13-4036-9887-CAC0AADA8153}"
EndProject
Project("{2150E333-8FDC-42A3-9474-1A3956D46DE8}") = "Solution Items", "Solution Items", "{522526BE-D631-436C-82AE-D0887652392C}"
	ProjectSection(SolutionItems) = preProject
		.gitignore = .gitignore
		nuget.config = nuget.config
	EndProjectSection
EndProject
Project("{D954291E-2A0B-460D-934E-DC6B0785DB48}") = "Shared", "Shared\Shared.shproj", "{D90C9229-01CD-4F08-BED6-236B4DCDF207}"
EndProject
Project("{9A19103F-16F7-4668-BE54-9A1E7A4F7556}") = "RabbitMq.Listener", "RabbitMq.Listener\RabbitMq.Listener.csproj", "{645513AE-7A5A-4D53-B5DA-42FB2F07370D}"
EndProject
Project("{9A19103F-16F7-4668-BE54-9A1E7A4F7556}") = "RabbitMq.Publisher", "RabbitMq.Publisher\RabbitMq.Publisher.csproj", "{D2996FD5-9267-4777-AF8A-E8ADBF9590D0}"
EndProject
Project("{D954291E-2A0B-460D-934E-DC6B0785DB48}") = "RabbitMq.SharedProject", "RabbitMq.SharedProject\RabbitMq.SharedProject.shproj", "{78E3B221-46A8-46EA-9947-EE92CFBD9F38}"
EndProject
Global
	GlobalSection(SolutionConfigurationPlatforms) = preSolution
		Debug|Any CPU = Debug|Any CPU
		Release|Any CPU = Release|Any CPU
	EndGlobalSection
	GlobalSection(ProjectConfigurationPlatforms) = postSolution
		{F0B17ABD-BC13-4036-9887-CAC0AADA8153}.Debug|Any CPU.ActiveCfg = Debug|Any CPU
		{F0B17ABD-BC13-4036-9887-CAC0AADA8153}.Debug|Any CPU.Build.0 = Debug|Any CPU
		{F0B17ABD-BC13-4036-9887-CAC0AADA8153}.Release|Any CPU.ActiveCfg = Release|Any CPU
		{F0B17ABD-BC13-4036-9887-CAC0AADA8153}.Release|Any CPU.Build.0 = Release|Any CPU
		{645513AE-7A5A-4D53-B5DA-42FB2F07370D}.Debug|Any CPU.ActiveCfg = Debug|Any CPU
		{645513AE-7A5A-4D53-B5DA-42FB2F07370D}.Debug|Any CPU.Build.0 = Debug|Any CPU
		{645513AE-7A5A-4D53-B5DA-42FB2F07370D}.Release|Any CPU.ActiveCfg = Release|Any CPU
		{645513AE-7A5A-4D53-B5DA-42FB2F07370D}.Release|Any CPU.Build.0 = Release|Any CPU
		{D2996FD5-9267-4777-AF8A-E8ADBF9590D0}.Debug|Any CPU.ActiveCfg = Debug|Any CPU
		{D2996FD5-9267-4777-AF8A-E8ADBF9590D0}.Debug|Any CPU.Build.0 = Debug|Any CPU
		{D2996FD5-9267-4777-AF8A-E8ADBF9590D0}.Release|Any CPU.ActiveCfg = Release|Any CPU
		{D2996FD5-9267-4777-AF8A-E8ADBF9590D0}.Release|Any CPU.Build.0 = Release|Any CPU
	EndGlobalSection
	GlobalSection(SolutionProperties) = preSolution
		HideSolutionNode = FALSE
	EndGlobalSection
	GlobalSection(ExtensibilityGlobals) = postSolution
		SolutionGuid = {7FA14C10-A0DE-4289-AA11-9832D06D8EF5}
	EndGlobalSection
	GlobalSection(SharedMSBuildProjectFiles) = preSolution
		RabbitMq.SharedProject\RabbitMq.SharedProject.projitems*{645513ae-7a5a-4d53-b5da-42fb2f07370d}*SharedItemsImports = 5
		RabbitMq.SharedProject\RabbitMq.SharedProject.projitems*{78e3b221-46a8-46ea-9947-ee92cfbd9f38}*SharedItemsImports = 13
		RabbitMq.SharedProject\RabbitMq.SharedProject.projitems*{d2996fd5-9267-4777-af8a-e8adbf9590d0}*SharedItemsImports = 5
		Shared\Shared.projitems*{d90c9229-01cd-4f08-bed6-236b4dcdf207}*SharedItemsImports = 13
	EndGlobalSection
EndGlobal
