
Microsoft Visual Studio Solution File, Format Version 12.00
# Visual Studio Version 17
VisualStudioVersion = 17.7.34031.279
MinimumVisualStudioVersion = 10.0.40219.1
Project("{9A19103F-16F7-4668-BE54-9A1E7A4F7556}") = "SampleService01", "SampleService01\SampleService01.csproj", "{66B7B261-4953-44BD-94D5-7433E3820877}"
EndProject
Project("{E53339B2-1760-4266-BCC7-CA923CBCF16C}") = "docker-compose", "docker-compose.dcproj", "{3154C5E7-2F65-4E8F-A965-3C4648D1C982}"
EndProject
Project("{9A19103F-16F7-4668-BE54-9A1E7A4F7556}") = "SampleService01.UnitTests", "SampleService01.UnitTests\SampleService01.UnitTests.csproj", "{0764F696-CE4E-4570-BE53-FFD19A726D67}"
EndProject
Project("{2150E333-8FDC-42A3-9474-1A3956D46DE8}") = "Solution Items", "Solution Items", "{96D52026-F7A8-4A9A-9382-57005A14DDDC}"
	ProjectSection(SolutionItems) = preProject
		.gitignore = .gitignore
		nuget.config = nuget.config
	EndProjectSection
EndProject
Project("{9A19103F-16F7-4668-BE54-9A1E7A4F7556}") = "SampleService01.ContractTests", "SampleService01.ContractTests\SampleService01.ContractTests.csproj", "{FFB2FE41-E5AE-46F4-AC3A-FA397817E2CB}"
EndProject
Project("{2150E333-8FDC-42A3-9474-1A3956D46DE8}") = "Solution TestEnvironments", "Solution TestEnvironments", "{FAA62519-DED5-4488-ADD7-488392FE697A}"
	ProjectSection(SolutionItems) = preProject
		testenvironments.json = testenvironments.json
		testenvironments.png = testenvironments.png
		testenvironments.url = testenvironments.url
	EndProjectSection
EndProject
Project("{2150E333-8FDC-42A3-9474-1A3956D46DE8}") = "Pipeline", "Pipeline", "{A904A350-4CD5-4628-AF86-16CBB0406151}"
	ProjectSection(SolutionItems) = preProject
		Pipeline\Pipeline-Readme.txt = Pipeline\Pipeline-Readme.txt
	EndProjectSection
EndProject
Project("{9A19103F-16F7-4668-BE54-9A1E7A4F7556}") = "SampleService01.Processor", "SampleService01.Processor\SampleService01.Processor.csproj", "{F125AB13-939F-4397-B4FF-97EAE304DC79}"
EndProject
Global
	GlobalSection(SolutionConfigurationPlatforms) = preSolution
		Debug|Any CPU = Debug|Any CPU
		Release|Any CPU = Release|Any CPU
	EndGlobalSection
	GlobalSection(ProjectConfigurationPlatforms) = postSolution
		{66B7B261-4953-44BD-94D5-7433E3820877}.Debug|Any CPU.ActiveCfg = Debug|Any CPU
		{66B7B261-4953-44BD-94D5-7433E3820877}.Debug|Any CPU.Build.0 = Debug|Any CPU
		{66B7B261-4953-44BD-94D5-7433E3820877}.Release|Any CPU.ActiveCfg = Release|Any CPU
		{66B7B261-4953-44BD-94D5-7433E3820877}.Release|Any CPU.Build.0 = Release|Any CPU
		{3154C5E7-2F65-4E8F-A965-3C4648D1C982}.Debug|Any CPU.ActiveCfg = Debug|Any CPU
		{3154C5E7-2F65-4E8F-A965-3C4648D1C982}.Debug|Any CPU.Build.0 = Debug|Any CPU
		{3154C5E7-2F65-4E8F-A965-3C4648D1C982}.Release|Any CPU.ActiveCfg = Release|Any CPU
		{3154C5E7-2F65-4E8F-A965-3C4648D1C982}.Release|Any CPU.Build.0 = Release|Any CPU
		{0764F696-CE4E-4570-BE53-FFD19A726D67}.Debug|Any CPU.ActiveCfg = Debug|Any CPU
		{0764F696-CE4E-4570-BE53-FFD19A726D67}.Debug|Any CPU.Build.0 = Debug|Any CPU
		{0764F696-CE4E-4570-BE53-FFD19A726D67}.Release|Any CPU.ActiveCfg = Release|Any CPU
		{0764F696-CE4E-4570-BE53-FFD19A726D67}.Release|Any CPU.Build.0 = Release|Any CPU
		{FFB2FE41-E5AE-46F4-AC3A-FA397817E2CB}.Debug|Any CPU.ActiveCfg = Debug|Any CPU
		{FFB2FE41-E5AE-46F4-AC3A-FA397817E2CB}.Debug|Any CPU.Build.0 = Debug|Any CPU
		{FFB2FE41-E5AE-46F4-AC3A-FA397817E2CB}.Release|Any CPU.ActiveCfg = Release|Any CPU
		{FFB2FE41-E5AE-46F4-AC3A-FA397817E2CB}.Release|Any CPU.Build.0 = Release|Any CPU
		{F125AB13-939F-4397-B4FF-97EAE304DC79}.Debug|Any CPU.ActiveCfg = Debug|Any CPU
		{F125AB13-939F-4397-B4FF-97EAE304DC79}.Debug|Any CPU.Build.0 = Debug|Any CPU
		{F125AB13-939F-4397-B4FF-97EAE304DC79}.Release|Any CPU.ActiveCfg = Release|Any CPU
		{F125AB13-939F-4397-B4FF-97EAE304DC79}.Release|Any CPU.Build.0 = Release|Any CPU
	EndGlobalSection
	GlobalSection(SolutionProperties) = preSolution
		HideSolutionNode = FALSE
	EndGlobalSection
	GlobalSection(ExtensibilityGlobals) = postSolution
		SolutionGuid = {BDA9558E-D33E-4806-8A58-1337DC0B1E8C}
	EndGlobalSection
EndGlobal
